
Microsoft Visual Studio Solution File, Format Version 12.00
# Visual Studio Version 17
VisualStudioVersion = 17.11.35312.102
MinimumVisualStudioVersion = 10.0.40219.1
Project("{FAE04EC0-301F-11D3-BF4B-00C04F79EFBC}") = "ZaloOAWebhook", "ZaloOAWebhook.csproj", "{49530FD1-54C7-4420-8966-00F7B7EACAFD}"
EndProject
Global
	GlobalSection(SolutionConfigurationPlatforms) = preSolution
		Debug|Any CPU = Debug|Any CPU
		Release|Any CPU = Release|Any CPU
	EndGlobalSection
	GlobalSection(ProjectConfigurationPlatforms) = postSolution
		{49530FD1-54C7-4420-8966-00F7B7EACAFD}.Debug|Any CPU.ActiveCfg = Debug|Any CPU
		{49530FD1-54C7-4420-8966-00F7B7EACAFD}.Debug|Any CPU.Build.0 = Debug|Any CPU
		{49530FD1-54C7-4420-8966-00F7B7EACAFD}.Release|Any CPU.ActiveCfg = Release|Any CPU
		{49530FD1-54C7-4420-8966-00F7B7EACAFD}.Release|Any CPU.Build.0 = Release|Any CPU
	EndGlobalSection
	GlobalSection(SolutionProperties) = preSolution
		HideSolutionNode = FALSE
	EndGlobalSection
	GlobalSection(ExtensibilityGlobals) = postSolution
		SolutionGuid = {1A42B996-6AE7-4B6B-946C-DD99D296C0E5}
	EndGlobalSection
EndGlobal
